// !$*UTF8*$!
{
	archiveVersion = 1;
	classes = {
	};
	objectVersion = 46;
	objects = {

/* Begin PBXBuildFile section */
		150C7E491E360BE30049E7B0 /* GKHomeViewModel.m in Sources */ = {isa = PBXBuildFile; fileRef = 150C7E481E360BE30049E7B0 /* GKHomeViewModel.m */; };
		150C7E4C1E3630220049E7B0 /* GKHomeTableViewDataSource.m in Sources */ = {isa = PBXBuildFile; fileRef = 150C7E4B1E3630220049E7B0 /* GKHomeTableViewDataSource.m */; };
		150C7E561E3896010049E7B0 /* DIDatepicker.m in Sources */ = {isa = PBXBuildFile; fileRef = 150C7E531E3896010049E7B0 /* DIDatepicker.m */; };
		150C7E571E3896010049E7B0 /* DIDatepickerDateView.m in Sources */ = {isa = PBXBuildFile; fileRef = 150C7E551E3896010049E7B0 /* DIDatepickerDateView.m */; };
		1523E0D81E39C2A1009BB38F /* SafariServices.framework in Frameworks */ = {isa = PBXBuildFile; fileRef = 1523E0D71E39C2A1009BB38F /* SafariServices.framework */; };
		152D0F081E3EEF870072DE56 /* GKSearchViewController.m in Sources */ = {isa = PBXBuildFile; fileRef = 152D0F071E3EEF870072DE56 /* GKSearchViewController.m */; };
		1540BA3E1E3E04F900D14C8D /* GKSafariViewController.m in Sources */ = {isa = PBXBuildFile; fileRef = 1540BA3D1E3E04F900D14C8D /* GKSafariViewController.m */; };
		1540BA411E3E0E9600D14C8D /* GKReportViewController.m in Sources */ = {isa = PBXBuildFile; fileRef = 1540BA401E3E0E9600D14C8D /* GKReportViewController.m */; };
		1540BA441E3E0F1300D14C8D /* GKReportActivity.m in Sources */ = {isa = PBXBuildFile; fileRef = 1540BA431E3E0F1300D14C8D /* GKReportActivity.m */; };
		154E446F1E3F7AAA00B74177 /* GKSubmitViewController.m in Sources */ = {isa = PBXBuildFile; fileRef = 154E446E1E3F7AAA00B74177 /* GKSubmitViewController.m */; };
		1560E71E1E3D1ED100E3BBD8 /* WDScrollableSegmentedControl.m in Sources */ = {isa = PBXBuildFile; fileRef = 1560E71D1E3D1ED100E3BBD8 /* WDScrollableSegmentedControl.m */; };
		1569A1661E35BAEE009F1E46 /* main.m in Sources */ = {isa = PBXBuildFile; fileRef = 1569A1651E35BAEE009F1E46 /* main.m */; };
		1569A1691E35BAEE009F1E46 /* AppDelegate.m in Sources */ = {isa = PBXBuildFile; fileRef = 1569A1681E35BAEE009F1E46 /* AppDelegate.m */; };
		1569A16C1E35BAEE009F1E46 /* GKHomeViewController.m in Sources */ = {isa = PBXBuildFile; fileRef = 1569A16B1E35BAEE009F1E46 /* GKHomeViewController.m */; };
		1569A16F1E35BAEE009F1E46 /* GKCategoriesViewController.m in Sources */ = {isa = PBXBuildFile; fileRef = 1569A16E1E35BAEE009F1E46 /* GKCategoriesViewController.m */; };
		1569A1721E35BAEE009F1E46 /* Main.storyboard in Resources */ = {isa = PBXBuildFile; fileRef = 1569A1701E35BAEE009F1E46 /* Main.storyboard */; };
		1569A1741E35BAEE009F1E46 /* Assets.xcassets in Resources */ = {isa = PBXBuildFile; fileRef = 1569A1731E35BAEE009F1E46 /* Assets.xcassets */; };
		1569A1771E35BAEE009F1E46 /* LaunchScreen.storyboard in Resources */ = {isa = PBXBuildFile; fileRef = 1569A1751E35BAEE009F1E46 /* LaunchScreen.storyboard */; };
		1569A18E1E35BB70009F1E46 /* GKClient.m in Sources */ = {isa = PBXBuildFile; fileRef = 1569A18D1E35BB70009F1E46 /* GKClient.m */; };
		1569A1911E35D689009F1E46 /* GKItem.m in Sources */ = {isa = PBXBuildFile; fileRef = 1569A1901E35D689009F1E46 /* GKItem.m */; };
		1569A1931E35EFF7009F1E46 /* GKHomeSectionHeader.xib in Resources */ = {isa = PBXBuildFile; fileRef = 1569A1921E35EFF7009F1E46 /* GKHomeSectionHeader.xib */; };
		156E7A841E3F8184005E469C /* WDHoshiTextField.m in Sources */ = {isa = PBXBuildFile; fileRef = 156E7A801E3F8184005E469C /* WDHoshiTextField.m */; };
		156E7A851E3F8184005E469C /* WDTextFieldsEffects.m in Sources */ = {isa = PBXBuildFile; fileRef = 156E7A831E3F8184005E469C /* WDTextFieldsEffects.m */; };
		156E7AA81E3FC192005E469C /* ShareViewController.m in Sources */ = {isa = PBXBuildFile; fileRef = 156E7AA71E3FC192005E469C /* ShareViewController.m */; };
		156E7AAB1E3FC192005E469C /* MainInterface.storyboard in Resources */ = {isa = PBXBuildFile; fileRef = 156E7AA91E3FC192005E469C /* MainInterface.storyboard */; };
		156E7AAF1E3FC192005E469C /* Share Extension.appex in Embed App Extensions */ = {isa = PBXBuildFile; fileRef = 156E7AA41E3FC192005E469C /* Share Extension.appex */; settings = {ATTRIBUTES = (RemoveHeadersOnCopy, ); }; };
		156E7AB31E3FC278005E469C /* GKItem.m in Sources */ = {isa = PBXBuildFile; fileRef = 1569A1901E35D689009F1E46 /* GKItem.m */; };
		156E7AB41E3FC283005E469C /* WDHoshiTextField.m in Sources */ = {isa = PBXBuildFile; fileRef = 156E7A801E3F8184005E469C /* WDHoshiTextField.m */; };
		156E7AB51E3FC283005E469C /* WDTextFieldsEffects.m in Sources */ = {isa = PBXBuildFile; fileRef = 156E7A831E3F8184005E469C /* WDTextFieldsEffects.m */; };
		156E7AB61E3FC290005E469C /* GKClient.m in Sources */ = {isa = PBXBuildFile; fileRef = 1569A18D1E35BB70009F1E46 /* GKClient.m */; };
		156E7AB71E3FC428005E469C /* Assets.xcassets in Resources */ = {isa = PBXBuildFile; fileRef = 1569A1731E35BAEE009F1E46 /* Assets.xcassets */; };
		156E7AB91E3FCA10005E469C /* MobileCoreServices.framework in Frameworks */ = {isa = PBXBuildFile; fileRef = 156E7AB81E3FCA10005E469C /* MobileCoreServices.framework */; };
		157B5F031E3AFEF600F310D8 /* GKPieView.m in Sources */ = {isa = PBXBuildFile; fileRef = 157B5F021E3AFEF600F310D8 /* GKPieView.m */; };
		15B1BF9F1E3CBD1E00FBF4EE /* GKCategoryTableViewController.m in Sources */ = {isa = PBXBuildFile; fileRef = 15B1BF9E1E3CBD1E00FBF4EE /* GKCategoryTableViewController.m */; };
		15B1BFA51E3CBF5900FBF4EE /* GKResultTableViewModel.m in Sources */ = {isa = PBXBuildFile; fileRef = 15B1BFA41E3CBF5900FBF4EE /* GKResultTableViewModel.m */; };
		15D9BA581E3A2E8F0020C283 /* TAAbstractDotView.m in Sources */ = {isa = PBXBuildFile; fileRef = 15D9BA4B1E3A2E8F0020C283 /* TAAbstractDotView.m */; };
		15D9BA591E3A2E8F0020C283 /* TAAnimatedDotView.m in Sources */ = {isa = PBXBuildFile; fileRef = 15D9BA4D1E3A2E8F0020C283 /* TAAnimatedDotView.m */; };
		15D9BA5A1E3A2E8F0020C283 /* TADotView.m in Sources */ = {isa = PBXBuildFile; fileRef = 15D9BA4F1E3A2E8F0020C283 /* TADotView.m */; };
		15D9BA5B1E3A2E8F0020C283 /* TAPageControl.m in Sources */ = {isa = PBXBuildFile; fileRef = 15D9BA511E3A2E8F0020C283 /* TAPageControl.m */; };
		15D9BA5C1E3A2E8F0020C283 /* SDCollectionViewCell.m in Sources */ = {isa = PBXBuildFile; fileRef = 15D9BA531E3A2E8F0020C283 /* SDCollectionViewCell.m */; };
		15D9BA5D1E3A2E8F0020C283 /* SDCycleScrollView.m in Sources */ = {isa = PBXBuildFile; fileRef = 15D9BA551E3A2E8F0020C283 /* SDCycleScrollView.m */; };
		15D9BA5E1E3A2E8F0020C283 /* UIView+SDExtension.m in Sources */ = {isa = PBXBuildFile; fileRef = 15D9BA571E3A2E8F0020C283 /* UIView+SDExtension.m */; };
		15EF4CF21E3AF89C00FA6A04 /* GKPieLayer.m in Sources */ = {isa = PBXBuildFile; fileRef = 15EF4CF11E3AF89C00FA6A04 /* GKPieLayer.m */; };
		331E5721F2C0E02D225123C5 /* libPods-Share Extension.a in Frameworks */ = {isa = PBXBuildFile; fileRef = E6AF3C2E842ECE6E8120FED8 /* libPods-Share Extension.a */; };
		8AFCDD311917514910D1CEA0 /* libPods-Gankee.a in Frameworks */ = {isa = PBXBuildFile; fileRef = 9FD3146582E3823EBEB1936C /* libPods-Gankee.a */; };
/* End PBXBuildFile section */

/* Begin PBXContainerItemProxy section */
		156E7AAD1E3FC192005E469C /* PBXContainerItemProxy */ = {
			isa = PBXContainerItemProxy;
			containerPortal = 1569A1591E35BAED009F1E46 /* Project object */;
			proxyType = 1;
			remoteGlobalIDString = 156E7AA31E3FC192005E469C;
			remoteInfo = "Share Extension";
		};
/* End PBXContainerItemProxy section */

/* Begin PBXCopyFilesBuildPhase section */
		156E7A9A1E3FBAA7005E469C /* Embed App Extensions */ = {
			isa = PBXCopyFilesBuildPhase;
			buildActionMask = 2147483647;
			dstPath = "";
			dstSubfolderSpec = 13;
			files = (
				156E7AAF1E3FC192005E469C /* Share Extension.appex in Embed App Extensions */,
			);
			name = "Embed App Extensions";
			runOnlyForDeploymentPostprocessing = 0;
		};
/* End PBXCopyFilesBuildPhase section */

/* Begin PBXFileReference section */
		0D90BD8EA6EA7C94B9B194C8 /* Pods-Share Extension.debug.xcconfig */ = {isa = PBXFileReference; includeInIndex = 1; lastKnownFileType = text.xcconfig; name = "Pods-Share Extension.debug.xcconfig"; path = "Pods/Target Support Files/Pods-Share Extension/Pods-Share Extension.debug.xcconfig"; sourceTree = "<group>"; };
		150C7E471E360BE30049E7B0 /* GKHomeViewModel.h */ = {isa = PBXFileReference; fileEncoding = 4; lastKnownFileType = sourcecode.c.h; path = GKHomeViewModel.h; sourceTree = "<group>"; };
		150C7E481E360BE30049E7B0 /* GKHomeViewModel.m */ = {isa = PBXFileReference; fileEncoding = 4; lastKnownFileType = sourcecode.c.objc; path = GKHomeViewModel.m; sourceTree = "<group>"; };
		150C7E4A1E3630220049E7B0 /* GKHomeTableViewDataSource.h */ = {isa = PBXFileReference; fileEncoding = 4; lastKnownFileType = sourcecode.c.h; path = GKHomeTableViewDataSource.h; sourceTree = "<group>"; };
		150C7E4B1E3630220049E7B0 /* GKHomeTableViewDataSource.m */ = {isa = PBXFileReference; fileEncoding = 4; lastKnownFileType = sourcecode.c.objc; path = GKHomeTableViewDataSource.m; sourceTree = "<group>"; };
		150C7E521E3896010049E7B0 /* DIDatepicker.h */ = {isa = PBXFileReference; fileEncoding = 4; lastKnownFileType = sourcecode.c.h; path = DIDatepicker.h; sourceTree = "<group>"; };
		150C7E531E3896010049E7B0 /* DIDatepicker.m */ = {isa = PBXFileReference; fileEncoding = 4; lastKnownFileType = sourcecode.c.objc; path = DIDatepicker.m; sourceTree = "<group>"; };
		150C7E541E3896010049E7B0 /* DIDatepickerDateView.h */ = {isa = PBXFileReference; fileEncoding = 4; lastKnownFileType = sourcecode.c.h; path = DIDatepickerDateView.h; sourceTree = "<group>"; };
		150C7E551E3896010049E7B0 /* DIDatepickerDateView.m */ = {isa = PBXFileReference; fileEncoding = 4; lastKnownFileType = sourcecode.c.objc; path = DIDatepickerDateView.m; sourceTree = "<group>"; };
		150C7E5E1E39A8270049E7B0 /* WebKit.framework */ = {isa = PBXFileReference; lastKnownFileType = wrapper.framework; name = WebKit.framework; path = System/Library/Frameworks/WebKit.framework; sourceTree = SDKROOT; };
		1523E0D71E39C2A1009BB38F /* SafariServices.framework */ = {isa = PBXFileReference; lastKnownFileType = wrapper.framework; name = SafariServices.framework; path = System/Library/Frameworks/SafariServices.framework; sourceTree = SDKROOT; };
		152D0F061E3EEF870072DE56 /* GKSearchViewController.h */ = {isa = PBXFileReference; fileEncoding = 4; lastKnownFileType = sourcecode.c.h; path = GKSearchViewController.h; sourceTree = "<group>"; };
		152D0F071E3EEF870072DE56 /* GKSearchViewController.m */ = {isa = PBXFileReference; fileEncoding = 4; lastKnownFileType = sourcecode.c.objc; path = GKSearchViewController.m; sourceTree = "<group>"; };
		1540BA3C1E3E04F900D14C8D /* GKSafariViewController.h */ = {isa = PBXFileReference; fileEncoding = 4; lastKnownFileType = sourcecode.c.h; path = GKSafariViewController.h; sourceTree = "<group>"; };
		1540BA3D1E3E04F900D14C8D /* GKSafariViewController.m */ = {isa = PBXFileReference; fileEncoding = 4; lastKnownFileType = sourcecode.c.objc; path = GKSafariViewController.m; sourceTree = "<group>"; };
		1540BA3F1E3E0E9600D14C8D /* GKReportViewController.h */ = {isa = PBXFileReference; fileEncoding = 4; lastKnownFileType = sourcecode.c.h; path = GKReportViewController.h; sourceTree = "<group>"; };
		1540BA401E3E0E9600D14C8D /* GKReportViewController.m */ = {isa = PBXFileReference; fileEncoding = 4; lastKnownFileType = sourcecode.c.objc; path = GKReportViewController.m; sourceTree = "<group>"; };
		1540BA421E3E0F1300D14C8D /* GKReportActivity.h */ = {isa = PBXFileReference; fileEncoding = 4; lastKnownFileType = sourcecode.c.h; path = GKReportActivity.h; sourceTree = "<group>"; };
		1540BA431E3E0F1300D14C8D /* GKReportActivity.m */ = {isa = PBXFileReference; fileEncoding = 4; lastKnownFileType = sourcecode.c.objc; path = GKReportActivity.m; sourceTree = "<group>"; };
		154E446D1E3F7AAA00B74177 /* GKSubmitViewController.h */ = {isa = PBXFileReference; fileEncoding = 4; lastKnownFileType = sourcecode.c.h; path = GKSubmitViewController.h; sourceTree = "<group>"; };
		154E446E1E3F7AAA00B74177 /* GKSubmitViewController.m */ = {isa = PBXFileReference; fileEncoding = 4; lastKnownFileType = sourcecode.c.objc; path = GKSubmitViewController.m; sourceTree = "<group>"; };
		1560E71C1E3D1ED100E3BBD8 /* WDScrollableSegmentedControl.h */ = {isa = PBXFileReference; fileEncoding = 4; lastKnownFileType = sourcecode.c.h; path = WDScrollableSegmentedControl.h; sourceTree = "<group>"; };
		1560E71D1E3D1ED100E3BBD8 /* WDScrollableSegmentedControl.m */ = {isa = PBXFileReference; fileEncoding = 4; lastKnownFileType = sourcecode.c.objc; path = WDScrollableSegmentedControl.m; sourceTree = "<group>"; };
		1569A1611E35BAEE009F1E46 /* Gankee.app */ = {isa = PBXFileReference; explicitFileType = wrapper.application; includeInIndex = 0; path = Gankee.app; sourceTree = BUILT_PRODUCTS_DIR; };
		1569A1651E35BAEE009F1E46 /* main.m */ = {isa = PBXFileReference; lastKnownFileType = sourcecode.c.objc; path = main.m; sourceTree = "<group>"; };
		1569A1671E35BAEE009F1E46 /* AppDelegate.h */ = {isa = PBXFileReference; lastKnownFileType = sourcecode.c.h; path = AppDelegate.h; sourceTree = "<group>"; };
		1569A1681E35BAEE009F1E46 /* AppDelegate.m */ = {isa = PBXFileReference; lastKnownFileType = sourcecode.c.objc; path = AppDelegate.m; sourceTree = "<group>"; };
		1569A16A1E35BAEE009F1E46 /* GKHomeViewController.h */ = {isa = PBXFileReference; lastKnownFileType = sourcecode.c.h; path = GKHomeViewController.h; sourceTree = "<group>"; };
		1569A16B1E35BAEE009F1E46 /* GKHomeViewController.m */ = {isa = PBXFileReference; lastKnownFileType = sourcecode.c.objc; path = GKHomeViewController.m; sourceTree = "<group>"; };
		1569A16D1E35BAEE009F1E46 /* GKCategoriesViewController.h */ = {isa = PBXFileReference; lastKnownFileType = sourcecode.c.h; path = GKCategoriesViewController.h; sourceTree = "<group>"; };
		1569A16E1E35BAEE009F1E46 /* GKCategoriesViewController.m */ = {isa = PBXFileReference; lastKnownFileType = sourcecode.c.objc; path = GKCategoriesViewController.m; sourceTree = "<group>"; };
		1569A1711E35BAEE009F1E46 /* Base */ = {isa = PBXFileReference; lastKnownFileType = file.storyboard; name = Base; path = Base.lproj/Main.storyboard; sourceTree = "<group>"; };
		1569A1731E35BAEE009F1E46 /* Assets.xcassets */ = {isa = PBXFileReference; lastKnownFileType = folder.assetcatalog; path = Assets.xcassets; sourceTree = "<group>"; };
		1569A1761E35BAEE009F1E46 /* Base */ = {isa = PBXFileReference; lastKnownFileType = file.storyboard; name = Base; path = Base.lproj/LaunchScreen.storyboard; sourceTree = "<group>"; };
		1569A1781E35BAEE009F1E46 /* Info.plist */ = {isa = PBXFileReference; lastKnownFileType = text.plist.xml; path = Info.plist; sourceTree = "<group>"; };
		1569A18C1E35BB70009F1E46 /* GKClient.h */ = {isa = PBXFileReference; fileEncoding = 4; lastKnownFileType = sourcecode.c.h; path = GKClient.h; sourceTree = "<group>"; };
		1569A18D1E35BB70009F1E46 /* GKClient.m */ = {isa = PBXFileReference; fileEncoding = 4; lastKnownFileType = sourcecode.c.objc; path = GKClient.m; sourceTree = "<group>"; };
		1569A18F1E35D689009F1E46 /* GKItem.h */ = {isa = PBXFileReference; fileEncoding = 4; lastKnownFileType = sourcecode.c.h; path = GKItem.h; sourceTree = "<group>"; };
		1569A1901E35D689009F1E46 /* GKItem.m */ = {isa = PBXFileReference; fileEncoding = 4; lastKnownFileType = sourcecode.c.objc; path = GKItem.m; sourceTree = "<group>"; };
		1569A1921E35EFF7009F1E46 /* GKHomeSectionHeader.xib */ = {isa = PBXFileReference; fileEncoding = 4; lastKnownFileType = file.xib; path = GKHomeSectionHeader.xib; sourceTree = "<group>"; };
		156E7A801E3F8184005E469C /* WDHoshiTextField.m */ = {isa = PBXFileReference; fileEncoding = 4; lastKnownFileType = sourcecode.c.objc; path = WDHoshiTextField.m; sourceTree = "<group>"; };
		156E7A811E3F8184005E469C /* WDHoshiTextField.h */ = {isa = PBXFileReference; fileEncoding = 4; lastKnownFileType = sourcecode.c.h; path = WDHoshiTextField.h; sourceTree = "<group>"; };
		156E7A821E3F8184005E469C /* WDTextFieldsEffects.h */ = {isa = PBXFileReference; fileEncoding = 4; lastKnownFileType = sourcecode.c.h; path = WDTextFieldsEffects.h; sourceTree = "<group>"; };
		156E7A831E3F8184005E469C /* WDTextFieldsEffects.m */ = {isa = PBXFileReference; fileEncoding = 4; lastKnownFileType = sourcecode.c.objc; path = WDTextFieldsEffects.m; sourceTree = "<group>"; };
		156E7AA41E3FC192005E469C /* Share Extension.appex */ = {isa = PBXFileReference; explicitFileType = "wrapper.app-extension"; includeInIndex = 0; path = "Share Extension.appex"; sourceTree = BUILT_PRODUCTS_DIR; };
		156E7AA61E3FC192005E469C /* ShareViewController.h */ = {isa = PBXFileReference; lastKnownFileType = sourcecode.c.h; path = ShareViewController.h; sourceTree = "<group>"; };
		156E7AA71E3FC192005E469C /* ShareViewController.m */ = {isa = PBXFileReference; lastKnownFileType = sourcecode.c.objc; path = ShareViewController.m; sourceTree = "<group>"; };
		156E7AAA1E3FC192005E469C /* Base */ = {isa = PBXFileReference; lastKnownFileType = file.storyboard; name = Base; path = Base.lproj/MainInterface.storyboard; sourceTree = "<group>"; };
		156E7AAC1E3FC192005E469C /* Info.plist */ = {isa = PBXFileReference; lastKnownFileType = text.plist.xml; path = Info.plist; sourceTree = "<group>"; };
		156E7AB81E3FCA10005E469C /* MobileCoreServices.framework */ = {isa = PBXFileReference; lastKnownFileType = wrapper.framework; name = MobileCoreServices.framework; path = System/Library/Frameworks/MobileCoreServices.framework; sourceTree = SDKROOT; };
		157B5F011E3AFEF600F310D8 /* GKPieView.h */ = {isa = PBXFileReference; fileEncoding = 4; lastKnownFileType = sourcecode.c.h; path = GKPieView.h; sourceTree = "<group>"; };
		157B5F021E3AFEF600F310D8 /* GKPieView.m */ = {isa = PBXFileReference; fileEncoding = 4; lastKnownFileType = sourcecode.c.objc; path = GKPieView.m; sourceTree = "<group>"; };
		15B1BF9D1E3CBD1E00FBF4EE /* GKCategoryTableViewController.h */ = {isa = PBXFileReference; fileEncoding = 4; lastKnownFileType = sourcecode.c.h; path = GKCategoryTableViewController.h; sourceTree = "<group>"; };
		15B1BF9E1E3CBD1E00FBF4EE /* GKCategoryTableViewController.m */ = {isa = PBXFileReference; fileEncoding = 4; lastKnownFileType = sourcecode.c.objc; path = GKCategoryTableViewController.m; sourceTree = "<group>"; };
		15B1BFA31E3CBF5900FBF4EE /* GKResultTableViewModel.h */ = {isa = PBXFileReference; fileEncoding = 4; lastKnownFileType = sourcecode.c.h; path = GKResultTableViewModel.h; sourceTree = "<group>"; };
		15B1BFA41E3CBF5900FBF4EE /* GKResultTableViewModel.m */ = {isa = PBXFileReference; fileEncoding = 4; lastKnownFileType = sourcecode.c.objc; path = GKResultTableViewModel.m; sourceTree = "<group>"; };
		15D9BA4A1E3A2E8F0020C283 /* TAAbstractDotView.h */ = {isa = PBXFileReference; fileEncoding = 4; lastKnownFileType = sourcecode.c.h; path = TAAbstractDotView.h; sourceTree = "<group>"; };
		15D9BA4B1E3A2E8F0020C283 /* TAAbstractDotView.m */ = {isa = PBXFileReference; fileEncoding = 4; lastKnownFileType = sourcecode.c.objc; path = TAAbstractDotView.m; sourceTree = "<group>"; };
		15D9BA4C1E3A2E8F0020C283 /* TAAnimatedDotView.h */ = {isa = PBXFileReference; fileEncoding = 4; lastKnownFileType = sourcecode.c.h; path = TAAnimatedDotView.h; sourceTree = "<group>"; };
		15D9BA4D1E3A2E8F0020C283 /* TAAnimatedDotView.m */ = {isa = PBXFileReference; fileEncoding = 4; lastKnownFileType = sourcecode.c.objc; path = TAAnimatedDotView.m; sourceTree = "<group>"; };
		15D9BA4E1E3A2E8F0020C283 /* TADotView.h */ = {isa = PBXFileReference; fileEncoding = 4; lastKnownFileType = sourcecode.c.h; path = TADotView.h; sourceTree = "<group>"; };
		15D9BA4F1E3A2E8F0020C283 /* TADotView.m */ = {isa = PBXFileReference; fileEncoding = 4; lastKnownFileType = sourcecode.c.objc; path = TADotView.m; sourceTree = "<group>"; };
		15D9BA501E3A2E8F0020C283 /* TAPageControl.h */ = {isa = PBXFileReference; fileEncoding = 4; lastKnownFileType = sourcecode.c.h; path = TAPageControl.h; sourceTree = "<group>"; };
		15D9BA511E3A2E8F0020C283 /* TAPageControl.m */ = {isa = PBXFileReference; fileEncoding = 4; lastKnownFileType = sourcecode.c.objc; path = TAPageControl.m; sourceTree = "<group>"; };
		15D9BA521E3A2E8F0020C283 /* SDCollectionViewCell.h */ = {isa = PBXFileReference; fileEncoding = 4; lastKnownFileType = sourcecode.c.h; path = SDCollectionViewCell.h; sourceTree = "<group>"; };
		15D9BA531E3A2E8F0020C283 /* SDCollectionViewCell.m */ = {isa = PBXFileReference; fileEncoding = 4; lastKnownFileType = sourcecode.c.objc; path = SDCollectionViewCell.m; sourceTree = "<group>"; };
		15D9BA541E3A2E8F0020C283 /* SDCycleScrollView.h */ = {isa = PBXFileReference; fileEncoding = 4; lastKnownFileType = sourcecode.c.h; path = SDCycleScrollView.h; sourceTree = "<group>"; };
		15D9BA551E3A2E8F0020C283 /* SDCycleScrollView.m */ = {isa = PBXFileReference; fileEncoding = 4; lastKnownFileType = sourcecode.c.objc; path = SDCycleScrollView.m; sourceTree = "<group>"; };
		15D9BA561E3A2E8F0020C283 /* UIView+SDExtension.h */ = {isa = PBXFileReference; fileEncoding = 4; lastKnownFileType = sourcecode.c.h; path = "UIView+SDExtension.h"; sourceTree = "<group>"; };
		15D9BA571E3A2E8F0020C283 /* UIView+SDExtension.m */ = {isa = PBXFileReference; fileEncoding = 4; lastKnownFileType = sourcecode.c.objc; path = "UIView+SDExtension.m"; sourceTree = "<group>"; };
		15EF4CF01E3AF89C00FA6A04 /* GKPieLayer.h */ = {isa = PBXFileReference; fileEncoding = 4; lastKnownFileType = sourcecode.c.h; path = GKPieLayer.h; sourceTree = "<group>"; };
		15EF4CF11E3AF89C00FA6A04 /* GKPieLayer.m */ = {isa = PBXFileReference; fileEncoding = 4; lastKnownFileType = sourcecode.c.objc; path = GKPieLayer.m; sourceTree = "<group>"; };
		1ED5307FC54FFD72242EBB4E /* Pods-ShareAction.release.xcconfig */ = {isa = PBXFileReference; includeInIndex = 1; lastKnownFileType = text.xcconfig; name = "Pods-ShareAction.release.xcconfig"; path = "Pods/Target Support Files/Pods-ShareAction/Pods-ShareAction.release.xcconfig"; sourceTree = "<group>"; };
		5E46AEC01AEAB05D099024FB /* Pods-Gankee.release.xcconfig */ = {isa = PBXFileReference; includeInIndex = 1; lastKnownFileType = text.xcconfig; name = "Pods-Gankee.release.xcconfig"; path = "Pods/Target Support Files/Pods-Gankee/Pods-Gankee.release.xcconfig"; sourceTree = "<group>"; };
		6D9CE4FD0975C99AC916C93C /* Pods-Share Extension.release.xcconfig */ = {isa = PBXFileReference; includeInIndex = 1; lastKnownFileType = text.xcconfig; name = "Pods-Share Extension.release.xcconfig"; path = "Pods/Target Support Files/Pods-Share Extension/Pods-Share Extension.release.xcconfig"; sourceTree = "<group>"; };
		87EEF12AB91090699E5E3271 /* Pods-ShareAction.debug.xcconfig */ = {isa = PBXFileReference; includeInIndex = 1; lastKnownFileType = text.xcconfig; name = "Pods-ShareAction.debug.xcconfig"; path = "Pods/Target Support Files/Pods-ShareAction/Pods-ShareAction.debug.xcconfig"; sourceTree = "<group>"; };
		949D99474379F9D9E7F21A90 /* Pods-Gankee.debug.xcconfig */ = {isa = PBXFileReference; includeInIndex = 1; lastKnownFileType = text.xcconfig; name = "Pods-Gankee.debug.xcconfig"; path = "Pods/Target Support Files/Pods-Gankee/Pods-Gankee.debug.xcconfig"; sourceTree = "<group>"; };
		9FD3146582E3823EBEB1936C /* libPods-Gankee.a */ = {isa = PBXFileReference; explicitFileType = archive.ar; includeInIndex = 0; path = "libPods-Gankee.a"; sourceTree = BUILT_PRODUCTS_DIR; };
		A858B47B6D5C51B00113CF42 /* libPods-ShareAction.a */ = {isa = PBXFileReference; explicitFileType = archive.ar; includeInIndex = 0; path = "libPods-ShareAction.a"; sourceTree = BUILT_PRODUCTS_DIR; };
		E6AF3C2E842ECE6E8120FED8 /* libPods-Share Extension.a */ = {isa = PBXFileReference; explicitFileType = archive.ar; includeInIndex = 0; path = "libPods-Share Extension.a"; sourceTree = BUILT_PRODUCTS_DIR; };
/* End PBXFileReference section */

/* Begin PBXFrameworksBuildPhase section */
		1569A15E1E35BAED009F1E46 /* Frameworks */ = {
			isa = PBXFrameworksBuildPhase;
			buildActionMask = 2147483647;
			files = (
				1523E0D81E39C2A1009BB38F /* SafariServices.framework in Frameworks */,
				8AFCDD311917514910D1CEA0 /* libPods-Gankee.a in Frameworks */,
			);
			runOnlyForDeploymentPostprocessing = 0;
		};
		156E7AA11E3FC192005E469C /* Frameworks */ = {
			isa = PBXFrameworksBuildPhase;
			buildActionMask = 2147483647;
			files = (
				156E7AB91E3FCA10005E469C /* MobileCoreServices.framework in Frameworks */,
				331E5721F2C0E02D225123C5 /* libPods-Share Extension.a in Frameworks */,
			);
			runOnlyForDeploymentPostprocessing = 0;
		};
/* End PBXFrameworksBuildPhase section */

/* Begin PBXGroup section */
		0A02169C409C798825FDEBCC /* Pods */ = {
			isa = PBXGroup;
			children = (
				949D99474379F9D9E7F21A90 /* Pods-Gankee.debug.xcconfig */,
				5E46AEC01AEAB05D099024FB /* Pods-Gankee.release.xcconfig */,
				87EEF12AB91090699E5E3271 /* Pods-ShareAction.debug.xcconfig */,
				1ED5307FC54FFD72242EBB4E /* Pods-ShareAction.release.xcconfig */,
				0D90BD8EA6EA7C94B9B194C8 /* Pods-Share Extension.debug.xcconfig */,
				6D9CE4FD0975C99AC916C93C /* Pods-Share Extension.release.xcconfig */,
			);
			name = Pods;
			sourceTree = "<group>";
		};
		150C7E4D1E364C150049E7B0 /* Categories Scene */ = {
			isa = PBXGroup;
			children = (
				1569A16D1E35BAEE009F1E46 /* GKCategoriesViewController.h */,
				1569A16E1E35BAEE009F1E46 /* GKCategoriesViewController.m */,
				15B1BF9D1E3CBD1E00FBF4EE /* GKCategoryTableViewController.h */,
				15B1BF9E1E3CBD1E00FBF4EE /* GKCategoryTableViewController.m */,
				154E446D1E3F7AAA00B74177 /* GKSubmitViewController.h */,
				154E446E1E3F7AAA00B74177 /* GKSubmitViewController.m */,
			);
			name = "Categories Scene";
			sourceTree = "<group>";
		};
		150C7E4E1E364C270049E7B0 /* Storyboard */ = {
			isa = PBXGroup;
			children = (
				1569A1751E35BAEE009F1E46 /* LaunchScreen.storyboard */,
				1569A1701E35BAEE009F1E46 /* Main.storyboard */,
			);
			name = Storyboard;
			sourceTree = "<group>";
		};
		150C7E4F1E364C660049E7B0 /* Models */ = {
			isa = PBXGroup;
			children = (
				1569A18F1E35D689009F1E46 /* GKItem.h */,
				1569A1901E35D689009F1E46 /* GKItem.m */,
			);
			name = Models;
			sourceTree = "<group>";
		};
		150C7E501E364C730049E7B0 /* Managers */ = {
			isa = PBXGroup;
			children = (
				1569A18C1E35BB70009F1E46 /* GKClient.h */,
				1569A18D1E35BB70009F1E46 /* GKClient.m */,
			);
			name = Managers;
			sourceTree = "<group>";
		};
		150C7E511E364C860049E7B0 /* Home Scene */ = {
			isa = PBXGroup;
			children = (
				1569A16A1E35BAEE009F1E46 /* GKHomeViewController.h */,
				1569A16B1E35BAEE009F1E46 /* GKHomeViewController.m */,
				150C7E471E360BE30049E7B0 /* GKHomeViewModel.h */,
				150C7E481E360BE30049E7B0 /* GKHomeViewModel.m */,
				150C7E4A1E3630220049E7B0 /* GKHomeTableViewDataSource.h */,
				150C7E4B1E3630220049E7B0 /* GKHomeTableViewDataSource.m */,
				1569A1921E35EFF7009F1E46 /* GKHomeSectionHeader.xib */,
				152D0F061E3EEF870072DE56 /* GKSearchViewController.h */,
				152D0F071E3EEF870072DE56 /* GKSearchViewController.m */,
			);
			name = "Home Scene";
			sourceTree = "<group>";
		};
		150C7E581E38960D0049E7B0 /* Additionals */ = {
			isa = PBXGroup;
			children = (
				156E7A861E3F818C005E469C /* WDHoshiTextField */,
				1560E71B1E3D1ED100E3BBD8 /* WDScrollableSegmentedControl */,
				15A9D8B31E3B20480020C459 /* GKPieView */,
				15D9BA481E3A2E8F0020C283 /* SDCycleScrollView */,
				15D9BA471E3A2E200020C283 /* DIDatePicker */,
			);
			name = Additionals;
			sourceTree = "<group>";
		};
		1540BA3B1E3E048900D14C8D /* General Controllers */ = {
			isa = PBXGroup;
			children = (
				1540BA3C1E3E04F900D14C8D /* GKSafariViewController.h */,
				1540BA3D1E3E04F900D14C8D /* GKSafariViewController.m */,
				1540BA3F1E3E0E9600D14C8D /* GKReportViewController.h */,
				1540BA401E3E0E9600D14C8D /* GKReportViewController.m */,
				1540BA421E3E0F1300D14C8D /* GKReportActivity.h */,
				1540BA431E3E0F1300D14C8D /* GKReportActivity.m */,
			);
			name = "General Controllers";
			sourceTree = "<group>";
		};
		1560E71B1E3D1ED100E3BBD8 /* WDScrollableSegmentedControl */ = {
			isa = PBXGroup;
			children = (
				1560E71C1E3D1ED100E3BBD8 /* WDScrollableSegmentedControl.h */,
				1560E71D1E3D1ED100E3BBD8 /* WDScrollableSegmentedControl.m */,
			);
			path = WDScrollableSegmentedControl;
			sourceTree = "<group>";
		};
		1569A1581E35BAED009F1E46 = {
			isa = PBXGroup;
			children = (
				1569A1631E35BAEE009F1E46 /* Gankee */,
				156E7AA51E3FC192005E469C /* Share Extension */,
				1569A1621E35BAEE009F1E46 /* Products */,
				0A02169C409C798825FDEBCC /* Pods */,
				25A43778CB02F8D9885AA4E0 /* Frameworks */,
			);
			sourceTree = "<group>";
		};
		1569A1621E35BAEE009F1E46 /* Products */ = {
			isa = PBXGroup;
			children = (
				1569A1611E35BAEE009F1E46 /* Gankee.app */,
				156E7AA41E3FC192005E469C /* Share Extension.appex */,
			);
			name = Products;
			sourceTree = "<group>";
		};
		1569A1631E35BAEE009F1E46 /* Gankee */ = {
			isa = PBXGroup;
			children = (
				1569A1671E35BAEE009F1E46 /* AppDelegate.h */,
				1569A1681E35BAEE009F1E46 /* AppDelegate.m */,
				150C7E4E1E364C270049E7B0 /* Storyboard */,
				150C7E511E364C860049E7B0 /* Home Scene */,
				150C7E4D1E364C150049E7B0 /* Categories Scene */,
				157580911E3F0AA500D62D08 /* General View Models */,
				1540BA3B1E3E048900D14C8D /* General Controllers */,
				150C7E501E364C730049E7B0 /* Managers */,
				150C7E4F1E364C660049E7B0 /* Models */,
				150C7E581E38960D0049E7B0 /* Additionals */,
				1569A1731E35BAEE009F1E46 /* Assets.xcassets */,
				1569A1781E35BAEE009F1E46 /* Info.plist */,
				1569A1641E35BAEE009F1E46 /* Supporting Files */,
			);
			path = Gankee;
			sourceTree = "<group>";
		};
		1569A1641E35BAEE009F1E46 /* Supporting Files */ = {
			isa = PBXGroup;
			children = (
				1569A1651E35BAEE009F1E46 /* main.m */,
			);
			name = "Supporting Files";
			sourceTree = "<group>";
		};
		156E7A861E3F818C005E469C /* WDHoshiTextField */ = {
			isa = PBXGroup;
			children = (
				156E7A801E3F8184005E469C /* WDHoshiTextField.m */,
				156E7A811E3F8184005E469C /* WDHoshiTextField.h */,
				156E7A821E3F8184005E469C /* WDTextFieldsEffects.h */,
				156E7A831E3F8184005E469C /* WDTextFieldsEffects.m */,
			);
			name = WDHoshiTextField;
			sourceTree = "<group>";
		};
		156E7AA51E3FC192005E469C /* Share Extension */ = {
			isa = PBXGroup;
			children = (
				156E7AA61E3FC192005E469C /* ShareViewController.h */,
				156E7AA71E3FC192005E469C /* ShareViewController.m */,
				156E7AA91E3FC192005E469C /* MainInterface.storyboard */,
				156E7AAC1E3FC192005E469C /* Info.plist */,
			);
			path = "Share Extension";
			sourceTree = "<group>";
		};
		157580911E3F0AA500D62D08 /* General View Models */ = {
			isa = PBXGroup;
			children = (
				15B1BFA31E3CBF5900FBF4EE /* GKResultTableViewModel.h */,
				15B1BFA41E3CBF5900FBF4EE /* GKResultTableViewModel.m */,
			);
			name = "General View Models";
			sourceTree = "<group>";
		};
		15A9D8B31E3B20480020C459 /* GKPieView */ = {
			isa = PBXGroup;
			children = (
				15EF4CF01E3AF89C00FA6A04 /* GKPieLayer.h */,
				15EF4CF11E3AF89C00FA6A04 /* GKPieLayer.m */,
				157B5F011E3AFEF600F310D8 /* GKPieView.h */,
				157B5F021E3AFEF600F310D8 /* GKPieView.m */,
			);
			name = GKPieView;
			sourceTree = "<group>";
		};
		15D9BA471E3A2E200020C283 /* DIDatePicker */ = {
			isa = PBXGroup;
			children = (
				150C7E521E3896010049E7B0 /* DIDatepicker.h */,
				150C7E531E3896010049E7B0 /* DIDatepicker.m */,
				150C7E541E3896010049E7B0 /* DIDatepickerDateView.h */,
				150C7E551E3896010049E7B0 /* DIDatepickerDateView.m */,
			);
			name = DIDatePicker;
			sourceTree = "<group>";
		};
		15D9BA481E3A2E8F0020C283 /* SDCycleScrollView */ = {
			isa = PBXGroup;
			children = (
				15D9BA491E3A2E8F0020C283 /* PageControl */,
				15D9BA521E3A2E8F0020C283 /* SDCollectionViewCell.h */,
				15D9BA531E3A2E8F0020C283 /* SDCollectionViewCell.m */,
				15D9BA541E3A2E8F0020C283 /* SDCycleScrollView.h */,
				15D9BA551E3A2E8F0020C283 /* SDCycleScrollView.m */,
				15D9BA561E3A2E8F0020C283 /* UIView+SDExtension.h */,
				15D9BA571E3A2E8F0020C283 /* UIView+SDExtension.m */,
			);
			path = SDCycleScrollView;
			sourceTree = "<group>";
		};
		15D9BA491E3A2E8F0020C283 /* PageControl */ = {
			isa = PBXGroup;
			children = (
				15D9BA4A1E3A2E8F0020C283 /* TAAbstractDotView.h */,
				15D9BA4B1E3A2E8F0020C283 /* TAAbstractDotView.m */,
				15D9BA4C1E3A2E8F0020C283 /* TAAnimatedDotView.h */,
				15D9BA4D1E3A2E8F0020C283 /* TAAnimatedDotView.m */,
				15D9BA4E1E3A2E8F0020C283 /* TADotView.h */,
				15D9BA4F1E3A2E8F0020C283 /* TADotView.m */,
				15D9BA501E3A2E8F0020C283 /* TAPageControl.h */,
				15D9BA511E3A2E8F0020C283 /* TAPageControl.m */,
			);
			path = PageControl;
			sourceTree = "<group>";
		};
		25A43778CB02F8D9885AA4E0 /* Frameworks */ = {
			isa = PBXGroup;
			children = (
				156E7AB81E3FCA10005E469C /* MobileCoreServices.framework */,
				1523E0D71E39C2A1009BB38F /* SafariServices.framework */,
				150C7E5E1E39A8270049E7B0 /* WebKit.framework */,
				9FD3146582E3823EBEB1936C /* libPods-Gankee.a */,
				A858B47B6D5C51B00113CF42 /* libPods-ShareAction.a */,
				E6AF3C2E842ECE6E8120FED8 /* libPods-Share Extension.a */,
			);
			name = Frameworks;
			sourceTree = "<group>";
		};
/* End PBXGroup section */

/* Begin PBXNativeTarget section */
		1569A1601E35BAED009F1E46 /* Gankee */ = {
			isa = PBXNativeTarget;
			buildConfigurationList = 1569A1861E35BAEE009F1E46 /* Build configuration list for PBXNativeTarget "Gankee" */;
			buildPhases = (
				8EFA31DA51B0EEB4D3036287 /* [CP] Check Pods Manifest.lock */,
				1569A15D1E35BAED009F1E46 /* Sources */,
				1569A15E1E35BAED009F1E46 /* Frameworks */,
				1569A15F1E35BAED009F1E46 /* Resources */,
				65B3D2C6A6073EC3E07F457C /* [CP] Embed Pods Frameworks */,
				76CD3423F9F7BB94CA8C4964 /* [CP] Copy Pods Resources */,
				156E7A9A1E3FBAA7005E469C /* Embed App Extensions */,
			);
			buildRules = (
			);
			dependencies = (
				156E7AAE1E3FC192005E469C /* PBXTargetDependency */,
			);
			name = Gankee;
			productName = Gankee;
			productReference = 1569A1611E35BAEE009F1E46 /* Gankee.app */;
			productType = "com.apple.product-type.application";
		};
		156E7AA31E3FC192005E469C /* Share Extension */ = {
			isa = PBXNativeTarget;
			buildConfigurationList = 156E7AB01E3FC192005E469C /* Build configuration list for PBXNativeTarget "Share Extension" */;
			buildPhases = (
				AAEFDC8894307265DC27DFD7 /* [CP] Check Pods Manifest.lock */,
				156E7AA01E3FC192005E469C /* Sources */,
				156E7AA11E3FC192005E469C /* Frameworks */,
				156E7AA21E3FC192005E469C /* Resources */,
				33C6C55F29D731528F2EFB58 /* [CP] Copy Pods Resources */,
			);
			buildRules = (
			);
			dependencies = (
			);
			name = "Share Extension";
			productName = "Share Extension";
			productReference = 156E7AA41E3FC192005E469C /* Share Extension.appex */;
			productType = "com.apple.product-type.app-extension";
		};
/* End PBXNativeTarget section */

/* Begin PBXProject section */
		1569A1591E35BAED009F1E46 /* Project object */ = {
			isa = PBXProject;
			attributes = {
				LastUpgradeCheck = 0820;
				ORGANIZATIONNAME = Wildog;
				TargetAttributes = {
					1569A1601E35BAED009F1E46 = {
						CreatedOnToolsVersion = 8.2;
						DevelopmentTeam = 2476E2Q84Y;
						ProvisioningStyle = Automatic;
					};
					156E7AA31E3FC192005E469C = {
						CreatedOnToolsVersion = 8.2;
						DevelopmentTeam = 2476E2Q84Y;
						ProvisioningStyle = Automatic;
					};
				};
			};
			buildConfigurationList = 1569A15C1E35BAED009F1E46 /* Build configuration list for PBXProject "Gankee" */;
			compatibilityVersion = "Xcode 3.2";
			developmentRegion = English;
			hasScannedForEncodings = 0;
			knownRegions = (
				Base,
				en,
			);
			mainGroup = 1569A1581E35BAED009F1E46;
			productRefGroup = 1569A1621E35BAEE009F1E46 /* Products */;
			projectDirPath = "";
			projectRoot = "";
			targets = (
				1569A1601E35BAED009F1E46 /* Gankee */,
				156E7AA31E3FC192005E469C /* Share Extension */,
			);
		};
/* End PBXProject section */

/* Begin PBXResourcesBuildPhase section */
		1569A15F1E35BAED009F1E46 /* Resources */ = {
			isa = PBXResourcesBuildPhase;
			buildActionMask = 2147483647;
			files = (
				1569A1931E35EFF7009F1E46 /* GKHomeSectionHeader.xib in Resources */,
				1569A1771E35BAEE009F1E46 /* LaunchScreen.storyboard in Resources */,
				1569A1741E35BAEE009F1E46 /* Assets.xcassets in Resources */,
				1569A1721E35BAEE009F1E46 /* Main.storyboard in Resources */,
			);
			runOnlyForDeploymentPostprocessing = 0;
		};
		156E7AA21E3FC192005E469C /* Resources */ = {
			isa = PBXResourcesBuildPhase;
			buildActionMask = 2147483647;
			files = (
				156E7AB71E3FC428005E469C /* Assets.xcassets in Resources */,
				156E7AAB1E3FC192005E469C /* MainInterface.storyboard in Resources */,
			);
			runOnlyForDeploymentPostprocessing = 0;
		};
/* End PBXResourcesBuildPhase section */

/* Begin PBXShellScriptBuildPhase section */
		33C6C55F29D731528F2EFB58 /* [CP] Copy Pods Resources */ = {
			isa = PBXShellScriptBuildPhase;
			buildActionMask = 2147483647;
			files = (
			);
			inputPaths = (
			);
			name = "[CP] Copy Pods Resources";
			outputPaths = (
			);
			runOnlyForDeploymentPostprocessing = 0;
			shellPath = /bin/sh;
			shellScript = "\"${SRCROOT}/Pods/Target Support Files/Pods-Share Extension/Pods-Share Extension-resources.sh\"\n";
			showEnvVarsInLog = 0;
		};
		65B3D2C6A6073EC3E07F457C /* [CP] Embed Pods Frameworks */ = {
			isa = PBXShellScriptBuildPhase;
			buildActionMask = 2147483647;
			files = (
			);
			inputPaths = (
			);
			name = "[CP] Embed Pods Frameworks";
			outputPaths = (
			);
			runOnlyForDeploymentPostprocessing = 0;
			shellPath = /bin/sh;
			shellScript = "\"${SRCROOT}/Pods/Target Support Files/Pods-Gankee/Pods-Gankee-frameworks.sh\"\n";
			showEnvVarsInLog = 0;
		};
		76CD3423F9F7BB94CA8C4964 /* [CP] Copy Pods Resources */ = {
			isa = PBXShellScriptBuildPhase;
			buildActionMask = 2147483647;
			files = (
			);
			inputPaths = (
			);
			name = "[CP] Copy Pods Resources";
			outputPaths = (
			);
			runOnlyForDeploymentPostprocessing = 0;
			shellPath = /bin/sh;
			shellScript = "\"${SRCROOT}/Pods/Target Support Files/Pods-Gankee/Pods-Gankee-resources.sh\"\n";
			showEnvVarsInLog = 0;
		};
		8EFA31DA51B0EEB4D3036287 /* [CP] Check Pods Manifest.lock */ = {
			isa = PBXShellScriptBuildPhase;
			buildActionMask = 2147483647;
			files = (
			);
			inputPaths = (
			);
			name = "[CP] Check Pods Manifest.lock";
			outputPaths = (
			);
			runOnlyForDeploymentPostprocessing = 0;
			shellPath = /bin/sh;
			shellScript = "diff \"${PODS_ROOT}/../Podfile.lock\" \"${PODS_ROOT}/Manifest.lock\" > /dev/null\nif [ $? != 0 ] ; then\n    # print error to STDERR\n    echo \"error: The sandbox is not in sync with the Podfile.lock. Run 'pod install' or update your CocoaPods installation.\" >&2\n    exit 1\nfi\n";
			showEnvVarsInLog = 0;
		};
		AAEFDC8894307265DC27DFD7 /* [CP] Check Pods Manifest.lock */ = {
			isa = PBXShellScriptBuildPhase;
			buildActionMask = 2147483647;
			files = (
			);
			inputPaths = (
			);
			name = "[CP] Check Pods Manifest.lock";
			outputPaths = (
			);
			runOnlyForDeploymentPostprocessing = 0;
			shellPath = /bin/sh;
			shellScript = "diff \"${PODS_ROOT}/../Podfile.lock\" \"${PODS_ROOT}/Manifest.lock\" > /dev/null\nif [ $? != 0 ] ; then\n    # print error to STDERR\n    echo \"error: The sandbox is not in sync with the Podfile.lock. Run 'pod install' or update your CocoaPods installation.\" >&2\n    exit 1\nfi\n";
			showEnvVarsInLog = 0;
		};
/* End PBXShellScriptBuildPhase section */

/* Begin PBXSourcesBuildPhase section */
		1569A15D1E35BAED009F1E46 /* Sources */ = {
			isa = PBXSourcesBuildPhase;
			buildActionMask = 2147483647;
			files = (
				1540BA411E3E0E9600D14C8D /* GKReportViewController.m in Sources */,
				15B1BFA51E3CBF5900FBF4EE /* GKResultTableViewModel.m in Sources */,
				1569A1911E35D689009F1E46 /* GKItem.m in Sources */,
				1540BA3E1E3E04F900D14C8D /* GKSafariViewController.m in Sources */,
				15B1BF9F1E3CBD1E00FBF4EE /* GKCategoryTableViewController.m in Sources */,
				15D9BA5A1E3A2E8F0020C283 /* TADotView.m in Sources */,
				1569A16F1E35BAEE009F1E46 /* GKCategoriesViewController.m in Sources */,
				1569A1691E35BAEE009F1E46 /* AppDelegate.m in Sources */,
				15EF4CF21E3AF89C00FA6A04 /* GKPieLayer.m in Sources */,
				15D9BA581E3A2E8F0020C283 /* TAAbstractDotView.m in Sources */,
				150C7E4C1E3630220049E7B0 /* GKHomeTableViewDataSource.m in Sources */,
				1569A16C1E35BAEE009F1E46 /* GKHomeViewController.m in Sources */,
				152D0F081E3EEF870072DE56 /* GKSearchViewController.m in Sources */,
				15D9BA5B1E3A2E8F0020C283 /* TAPageControl.m in Sources */,
				15D9BA5C1E3A2E8F0020C283 /* SDCollectionViewCell.m in Sources */,
				150C7E491E360BE30049E7B0 /* GKHomeViewModel.m in Sources */,
				156E7A841E3F8184005E469C /* WDHoshiTextField.m in Sources */,
				1540BA441E3E0F1300D14C8D /* GKReportActivity.m in Sources */,
				1569A18E1E35BB70009F1E46 /* GKClient.m in Sources */,
				154E446F1E3F7AAA00B74177 /* GKSubmitViewController.m in Sources */,
				15D9BA591E3A2E8F0020C283 /* TAAnimatedDotView.m in Sources */,
				1569A1661E35BAEE009F1E46 /* main.m in Sources */,
				150C7E561E3896010049E7B0 /* DIDatepicker.m in Sources */,
				150C7E571E3896010049E7B0 /* DIDatepickerDateView.m in Sources */,
				1560E71E1E3D1ED100E3BBD8 /* WDScrollableSegmentedControl.m in Sources */,
				15D9BA5E1E3A2E8F0020C283 /* UIView+SDExtension.m in Sources */,
				15D9BA5D1E3A2E8F0020C283 /* SDCycleScrollView.m in Sources */,
				157B5F031E3AFEF600F310D8 /* GKPieView.m in Sources */,
				156E7A851E3F8184005E469C /* WDTextFieldsEffects.m in Sources */,
			);
			runOnlyForDeploymentPostprocessing = 0;
		};
		156E7AA01E3FC192005E469C /* Sources */ = {
			isa = PBXSourcesBuildPhase;
			buildActionMask = 2147483647;
			files = (
				156E7AB31E3FC278005E469C /* GKItem.m in Sources */,
				156E7AB41E3FC283005E469C /* WDHoshiTextField.m in Sources */,
				156E7AA81E3FC192005E469C /* ShareViewController.m in Sources */,
				156E7AB51E3FC283005E469C /* WDTextFieldsEffects.m in Sources */,
				156E7AB61E3FC290005E469C /* GKClient.m in Sources */,
			);
			runOnlyForDeploymentPostprocessing = 0;
		};
/* End PBXSourcesBuildPhase section */

/* Begin PBXTargetDependency section */
		156E7AAE1E3FC192005E469C /* PBXTargetDependency */ = {
			isa = PBXTargetDependency;
			target = 156E7AA31E3FC192005E469C /* Share Extension */;
			targetProxy = 156E7AAD1E3FC192005E469C /* PBXContainerItemProxy */;
		};
/* End PBXTargetDependency section */

/* Begin PBXVariantGroup section */
		1569A1701E35BAEE009F1E46 /* Main.storyboard */ = {
			isa = PBXVariantGroup;
			children = (
				1569A1711E35BAEE009F1E46 /* Base */,
			);
			name = Main.storyboard;
			sourceTree = "<group>";
		};
		1569A1751E35BAEE009F1E46 /* LaunchScreen.storyboard */ = {
			isa = PBXVariantGroup;
			children = (
				1569A1761E35BAEE009F1E46 /* Base */,
			);
			name = LaunchScreen.storyboard;
			sourceTree = "<group>";
		};
		156E7AA91E3FC192005E469C /* MainInterface.storyboard */ = {
			isa = PBXVariantGroup;
			children = (
				156E7AAA1E3FC192005E469C /* Base */,
			);
			name = MainInterface.storyboard;
			sourceTree = "<group>";
		};
/* End PBXVariantGroup section */

/* Begin XCBuildConfiguration section */
		1569A1841E35BAEE009F1E46 /* Debug */ = {
			isa = XCBuildConfiguration;
			buildSettings = {
				ALWAYS_SEARCH_USER_PATHS = NO;
				CLANG_ANALYZER_LOCALIZABILITY_NONLOCALIZED = YES;
				CLANG_ANALYZER_NONNULL = YES;
				CLANG_CXX_LANGUAGE_STANDARD = "gnu++0x";
				CLANG_CXX_LIBRARY = "libc++";
				CLANG_ENABLE_MODULES = YES;
				CLANG_ENABLE_OBJC_ARC = YES;
				CLANG_WARN_BOOL_CONVERSION = YES;
				CLANG_WARN_CONSTANT_CONVERSION = YES;
				CLANG_WARN_DIRECT_OBJC_ISA_USAGE = YES_ERROR;
				CLANG_WARN_DOCUMENTATION_COMMENTS = YES;
				CLANG_WARN_EMPTY_BODY = YES;
				CLANG_WARN_ENUM_CONVERSION = YES;
				CLANG_WARN_INFINITE_RECURSION = YES;
				CLANG_WARN_INT_CONVERSION = YES;
				CLANG_WARN_OBJC_ROOT_CLASS = YES_ERROR;
				CLANG_WARN_SUSPICIOUS_MOVE = YES;
				CLANG_WARN_UNREACHABLE_CODE = YES;
				CLANG_WARN__DUPLICATE_METHOD_MATCH = YES;
				"CODE_SIGN_IDENTITY[sdk=iphoneos*]" = "iPhone Developer";
				COPY_PHASE_STRIP = NO;
				DEBUG_INFORMATION_FORMAT = dwarf;
				ENABLE_STRICT_OBJC_MSGSEND = YES;
				ENABLE_TESTABILITY = YES;
				GCC_C_LANGUAGE_STANDARD = gnu99;
				GCC_DYNAMIC_NO_PIC = NO;
				GCC_NO_COMMON_BLOCKS = YES;
				GCC_OPTIMIZATION_LEVEL = 0;
				GCC_PREPROCESSOR_DEFINITIONS = (
					"DEBUG=1",
					"$(inherited)",
				);
				GCC_WARN_64_TO_32_BIT_CONVERSION = YES;
				GCC_WARN_ABOUT_RETURN_TYPE = YES_ERROR;
				GCC_WARN_UNDECLARED_SELECTOR = YES;
				GCC_WARN_UNINITIALIZED_AUTOS = YES_AGGRESSIVE;
				GCC_WARN_UNUSED_FUNCTION = YES;
				GCC_WARN_UNUSED_VARIABLE = YES;
				IPHONEOS_DEPLOYMENT_TARGET = 8.0;
				MTL_ENABLE_DEBUG_INFO = YES;
				ONLY_ACTIVE_ARCH = YES;
				SDKROOT = iphoneos;
			};
			name = Debug;
		};
		1569A1851E35BAEE009F1E46 /* Release */ = {
			isa = XCBuildConfiguration;
			buildSettings = {
				ALWAYS_SEARCH_USER_PATHS = NO;
				CLANG_ANALYZER_LOCALIZABILITY_NONLOCALIZED = YES;
				CLANG_ANALYZER_NONNULL = YES;
				CLANG_CXX_LANGUAGE_STANDARD = "gnu++0x";
				CLANG_CXX_LIBRARY = "libc++";
				CLANG_ENABLE_MODULES = YES;
				CLANG_ENABLE_OBJC_ARC = YES;
				CLANG_WARN_BOOL_CONVERSION = YES;
				CLANG_WARN_CONSTANT_CONVERSION = YES;
				CLANG_WARN_DIRECT_OBJC_ISA_USAGE = YES_ERROR;
				CLANG_WARN_DOCUMENTATION_COMMENTS = YES;
				CLANG_WARN_EMPTY_BODY = YES;
				CLANG_WARN_ENUM_CONVERSION = YES;
				CLANG_WARN_INFINITE_RECURSION = YES;
				CLANG_WARN_INT_CONVERSION = YES;
				CLANG_WARN_OBJC_ROOT_CLASS = YES_ERROR;
				CLANG_WARN_SUSPICIOUS_MOVE = YES;
				CLANG_WARN_UNREACHABLE_CODE = YES;
				CLANG_WARN__DUPLICATE_METHOD_MATCH = YES;
				"CODE_SIGN_IDENTITY[sdk=iphoneos*]" = "iPhone Developer";
				COPY_PHASE_STRIP = NO;
				DEBUG_INFORMATION_FORMAT = "dwarf-with-dsym";
				ENABLE_NS_ASSERTIONS = NO;
				ENABLE_STRICT_OBJC_MSGSEND = YES;
				GCC_C_LANGUAGE_STANDARD = gnu99;
				GCC_NO_COMMON_BLOCKS = YES;
				GCC_WARN_64_TO_32_BIT_CONVERSION = YES;
				GCC_WARN_ABOUT_RETURN_TYPE = YES_ERROR;
				GCC_WARN_UNDECLARED_SELECTOR = YES;
				GCC_WARN_UNINITIALIZED_AUTOS = YES_AGGRESSIVE;
				GCC_WARN_UNUSED_FUNCTION = YES;
				GCC_WARN_UNUSED_VARIABLE = YES;
				IPHONEOS_DEPLOYMENT_TARGET = 8.0;
				MTL_ENABLE_DEBUG_INFO = NO;
				SDKROOT = iphoneos;
				VALIDATE_PRODUCT = YES;
			};
			name = Release;
		};
		1569A1871E35BAEE009F1E46 /* Debug */ = {
			isa = XCBuildConfiguration;
			baseConfigurationReference = 949D99474379F9D9E7F21A90 /* Pods-Gankee.debug.xcconfig */;
			buildSettings = {
				ASSETCATALOG_COMPILER_APPICON_NAME = AppIcon;
				DEVELOPMENT_TEAM = 2476E2Q84Y;
				INFOPLIST_FILE = Gankee/Info.plist;
				IPHONEOS_DEPLOYMENT_TARGET = 8.0;
				LD_RUNPATH_SEARCH_PATHS = "$(inherited) @executable_path/Frameworks";
				PRODUCT_BUNDLE_IDENTIFIER = dog.wil.Gankee;
				PRODUCT_NAME = "$(TARGET_NAME)";
			};
			name = Debug;
		};
		1569A1881E35BAEE009F1E46 /* Release */ = {
			isa = XCBuildConfiguration;
			baseConfigurationReference = 5E46AEC01AEAB05D099024FB /* Pods-Gankee.release.xcconfig */;
			buildSettings = {
				ASSETCATALOG_COMPILER_APPICON_NAME = AppIcon;
				DEVELOPMENT_TEAM = 2476E2Q84Y;
				INFOPLIST_FILE = Gankee/Info.plist;
				IPHONEOS_DEPLOYMENT_TARGET = 8.0;
				LD_RUNPATH_SEARCH_PATHS = "$(inherited) @executable_path/Frameworks";
				PRODUCT_BUNDLE_IDENTIFIER = dog.wil.Gankee;
				PRODUCT_NAME = "$(TARGET_NAME)";
			};
			name = Release;
		};
		156E7AB11E3FC192005E469C /* Debug */ = {
			isa = XCBuildConfiguration;
			baseConfigurationReference = 0D90BD8EA6EA7C94B9B194C8 /* Pods-Share Extension.debug.xcconfig */;
			buildSettings = {
				DEVELOPMENT_TEAM = 2476E2Q84Y;
				INFOPLIST_FILE = "Share Extension/Info.plist";
				IPHONEOS_DEPLOYMENT_TARGET = 8.0;
				LD_RUNPATH_SEARCH_PATHS = "$(inherited) @executable_path/Frameworks @executable_path/../../Frameworks";
				PRODUCT_BUNDLE_IDENTIFIER = "dog.wil.Gankee.Share-Extension";
				PRODUCT_NAME = "$(TARGET_NAME)";
				SKIP_INSTALL = YES;
			};
			name = Debug;
		};
		156E7AB21E3FC192005E469C /* Release */ = {
			isa = XCBuildConfiguration;
			baseConfigurationReference = 6D9CE4FD0975C99AC916C93C /* Pods-Share Extension.release.xcconfig */;
			buildSettings = {
				DEVELOPMENT_TEAM = 2476E2Q84Y;
				INFOPLIST_FILE = "Share Extension/Info.plist";
				IPHONEOS_DEPLOYMENT_TARGET = 8.0;
				LD_RUNPATH_SEARCH_PATHS = "$(inherited) @executable_path/Frameworks @executable_path/../../Frameworks";
				PRODUCT_BUNDLE_IDENTIFIER = "dog.wil.Gankee.Share-Extension";
				PRODUCT_NAME = "$(TARGET_NAME)";
				SKIP_INSTALL = YES;
			};
			name = Release;
		};
/* End XCBuildConfiguration section */

/* Begin XCConfigurationList section */
		1569A15C1E35BAED009F1E46 /* Build configuration list for PBXProject "Gankee" */ = {
			isa = XCConfigurationList;
			buildConfigurations = (
				1569A1841E35BAEE009F1E46 /* Debug */,
				1569A1851E35BAEE009F1E46 /* Release */,
			);
			defaultConfigurationIsVisible = 0;
			defaultConfigurationName = Release;
		};
		1569A1861E35BAEE009F1E46 /* Build configuration list for PBXNativeTarget "Gankee" */ = {
			isa = XCConfigurationList;
			buildConfigurations = (
				1569A1871E35BAEE009F1E46 /* Debug */,
				1569A1881E35BAEE009F1E46 /* Release */,
			);
			defaultConfigurationIsVisible = 0;
			defaultConfigurationName = Release;
		};
		156E7AB01E3FC192005E469C /* Build configuration list for PBXNativeTarget "Share Extension" */ = {
			isa = XCConfigurationList;
			buildConfigurations = (
				156E7AB11E3FC192005E469C /* Debug */,
				156E7AB21E3FC192005E469C /* Release */,
			);
			defaultConfigurationIsVisible = 0;
			defaultConfigurationName = Release;
		};
/* End XCConfigurationList section */
	};
	rootObject = 1569A1591E35BAED009F1E46 /* Project object */;
}
